
Microsoft Visual Studio Solution File, Format Version 12.00
# Visual Studio Version 16
VisualStudioVersion = 16.0.810.9
MinimumVisualStudioVersion = 10.0.40219.1
Project("{FAE04EC0-301F-11D3-BF4B-00C04F79EFBC}") = "Latypov2", "Latypov2\Latypov2.csproj", "{CC94CDF9-1CD9-4A90-BE6A-E8F52CA52564}"
EndProject
Global
	GlobalSection(SolutionConfigurationPlatforms) = preSolution
		Debug|Any CPU = Debug|Any CPU
		Release|Any CPU = Release|Any CPU
	EndGlobalSection
	GlobalSection(ProjectConfigurationPlatforms) = postSolution
		{CC94CDF9-1CD9-4A90-BE6A-E8F52CA52564}.Debug|Any CPU.ActiveCfg = Debug|Any CPU
		{CC94CDF9-1CD9-4A90-BE6A-E8F52CA52564}.Debug|Any CPU.Build.0 = Debug|Any CPU
		{CC94CDF9-1CD9-4A90-BE6A-E8F52CA52564}.Release|Any CPU.ActiveCfg = Release|Any CPU
		{CC94CDF9-1CD9-4A90-BE6A-E8F52CA52564}.Release|Any CPU.Build.0 = Release|Any CPU
	EndGlobalSection
	GlobalSection(SolutionProperties) = preSolution
		HideSolutionNode = FALSE
	EndGlobalSection
	GlobalSection(ExtensibilityGlobals) = postSolution
		SolutionGuid = {1448DE58-DE79-44BC-A353-4BDF5CB3C8DD}
	EndGlobalSection
EndGlobal
